
Microsoft Visual Studio Solution File, Format Version 12.00
# Visual Studio Version 17
VisualStudioVersion = 17.10.35004.147
MinimumVisualStudioVersion = 10.0.40219.1
Project("{FAE04EC0-301F-11D3-BF4B-00C04F79EFBC}") = "WinFormsApp2", "WinFormsApp2.csproj", "{674CD527-D2FE-4A3E-AB7D-5D83312F2BB3}"
EndProject
Global
	GlobalSection(SolutionConfigurationPlatforms) = preSolution
		Debug|Any CPU = Debug|Any CPU
		Release|Any CPU = Release|Any CPU
	EndGlobalSection
	GlobalSection(ProjectConfigurationPlatforms) = postSolution
		{674CD527-D2FE-4A3E-AB7D-5D83312F2BB3}.Debug|Any CPU.ActiveCfg = Debug|Any CPU
		{674CD527-D2FE-4A3E-AB7D-5D83312F2BB3}.Debug|Any CPU.Build.0 = Debug|Any CPU
		{674CD527-D2FE-4A3E-AB7D-5D83312F2BB3}.Release|Any CPU.ActiveCfg = Release|Any CPU
		{674CD527-D2FE-4A3E-AB7D-5D83312F2BB3}.Release|Any CPU.Build.0 = Release|Any CPU
	EndGlobalSection
	GlobalSection(SolutionProperties) = preSolution
		HideSolutionNode = FALSE
	EndGlobalSection
	GlobalSection(ExtensibilityGlobals) = postSolution
		SolutionGuid = {869DC3B1-7D23-4DA6-878F-8EDEDC8B7DAB}
	EndGlobalSection
EndGlobal
